
Microsoft Visual Studio Solution File, Format Version 12.00
# Visual Studio 15
VisualStudioVersion = 15.0.28010.2003
MinimumVisualStudioVersion = 10.0.40219.1
Project("{8BC9CEB8-8B4A-11D0-8D11-00A0C91BC942}") = "Project1", "Project1\Project1.vcxproj", "{351FE4EB-52ED-4D90-86B9-FB7E4B3F6E90}"
EndProject
Global
	GlobalSection(SolutionConfigurationPlatforms) = preSolution
		Debug|x64 = Debug|x64
		Debug|x86 = Debug|x86
		Release|x64 = Release|x64
		Release|x86 = Release|x86
	EndGlobalSection
	GlobalSection(ProjectConfigurationPlatforms) = postSolution
		{351FE4EB-52ED-4D90-86B9-FB7E4B3F6E90}.Debug|x64.ActiveCfg = Debug|x64
		{351FE4EB-52ED-4D90-86B9-FB7E4B3F6E90}.Debug|x64.Build.0 = Debug|x64
		{351FE4EB-52ED-4D90-86B9-FB7E4B3F6E90}.Debug|x86.ActiveCfg = Debug|Win32
		{351FE4EB-52ED-4D90-86B9-FB7E4B3F6E90}.Debug|x86.Build.0 = Debug|Win32
		{351FE4EB-52ED-4D90-86B9-FB7E4B3F6E90}.Release|x64.ActiveCfg = Release|x64
		{351FE4EB-52ED-4D90-86B9-FB7E4B3F6E90}.Release|x64.Build.0 = Release|x64
		{351FE4EB-52ED-4D90-86B9-FB7E4B3F6E90}.Release|x86.ActiveCfg = Release|Win32
		{351FE4EB-52ED-4D90-86B9-FB7E4B3F6E90}.Release|x86.Build.0 = Release|Win32
	EndGlobalSection
	GlobalSection(SolutionProperties) = preSolution
		HideSolutionNode = FALSE
	EndGlobalSection
	GlobalSection(ExtensibilityGlobals) = postSolution
		SolutionGuid = {EA9C6AD0-A4E3-46E0-885D-0F7E23A15875}
	EndGlobalSection
EndGlobal
